
Microsoft Visual Studio Solution File, Format Version 12.00
# Visual Studio Version 16
VisualStudioVersion = 16.0.31515.178
MinimumVisualStudioVersion = 10.0.40219.1
Project("{FAE04EC0-301F-11D3-BF4B-00C04F79EFBC}") = "SoundPoiiv2", "SoundPoiiv2.csproj", "{F26CE027-6DD9-4689-8534-856DF141B588}"
EndProject
Global
	GlobalSection(SolutionConfigurationPlatforms) = preSolution
		Debug|Any CPU = Debug|Any CPU
		Release|Any CPU = Release|Any CPU
	EndGlobalSection
	GlobalSection(ProjectConfigurationPlatforms) = postSolution
		{F26CE027-6DD9-4689-8534-856DF141B588}.Debug|Any CPU.ActiveCfg = Release|Any CPU
		{F26CE027-6DD9-4689-8534-856DF141B588}.Debug|Any CPU.Build.0 = Release|Any CPU
		{F26CE027-6DD9-4689-8534-856DF141B588}.Release|Any CPU.ActiveCfg = Release|Any CPU
		{F26CE027-6DD9-4689-8534-856DF141B588}.Release|Any CPU.Build.0 = Release|Any CPU
	EndGlobalSection
	GlobalSection(SolutionProperties) = preSolution
		HideSolutionNode = FALSE
	EndGlobalSection
	GlobalSection(ExtensibilityGlobals) = postSolution
		SolutionGuid = {C9D677E0-AD38-4697-A45D-BE4B2AD0BF27}
	EndGlobalSection
EndGlobal
